
Microsoft Visual Studio Solution File, Format Version 12.00
# Visual Studio Version 17
VisualStudioVersion = 17.0.31903.59
MinimumVisualStudioVersion = 10.0.40219.1
Project("{9A19103F-16F7-4668-BE54-9A1E7A4F7556}") = "Shared", "Shared\Shared.csproj", "{7B2F2073-6687-4B2F-B220-10D06532E0CD}"
EndProject
Project("{9A19103F-16F7-4668-BE54-9A1E7A4F7556}") = "MainApp", "MainApp\MainApp.csproj", "{9ADF0F38-AE98-49DF-A6F6-FB756101B757}"
EndProject
Project("{9A19103F-16F7-4668-BE54-9A1E7A4F7556}") = "DocumentGenerator", "Modules\DocumentGenerator\DocumentGenerator.csproj", "{287A1F30-CBE6-4324-9930-71465316AEED}"
EndProject
Global
	GlobalSection(SolutionConfigurationPlatforms) = preSolution
		Debug|Any CPU = Debug|Any CPU
		Release|Any CPU = Release|Any CPU
	EndGlobalSection
	GlobalSection(ProjectConfigurationPlatforms) = postSolution
		{7B2F2073-6687-4B2F-B220-10D06532E0CD}.Debug|Any CPU.ActiveCfg = Debug|Any CPU
		{7B2F2073-6687-4B2F-B220-10D06532E0CD}.Debug|Any CPU.Build.0 = Debug|Any CPU
		{7B2F2073-6687-4B2F-B220-10D06532E0CD}.Release|Any CPU.ActiveCfg = Release|Any CPU
		{7B2F2073-6687-4B2F-B220-10D06532E0CD}.Release|Any CPU.Build.0 = Release|Any CPU
		{9ADF0F38-AE98-49DF-A6F6-FB756101B757}.Debug|Any CPU.ActiveCfg = Debug|Any CPU
		{9ADF0F38-AE98-49DF-A6F6-FB756101B757}.Debug|Any CPU.Build.0 = Debug|Any CPU
		{9ADF0F38-AE98-49DF-A6F6-FB756101B757}.Release|Any CPU.ActiveCfg = Release|Any CPU
		{9ADF0F38-AE98-49DF-A6F6-FB756101B757}.Release|Any CPU.Build.0 = Release|Any CPU
		{287A1F30-CBE6-4324-9930-71465316AEED}.Debug|Any CPU.ActiveCfg = Debug|Any CPU
		{287A1F30-CBE6-4324-9930-71465316AEED}.Debug|Any CPU.Build.0 = Debug|Any CPU
		{287A1F30-CBE6-4324-9930-71465316AEED}.Release|Any CPU.ActiveCfg = Release|Any CPU
		{287A1F30-CBE6-4324-9930-71465316AEED}.Release|Any CPU.Build.0 = Release|Any CPU
	EndGlobalSection
	GlobalSection(SolutionProperties) = preSolution
		HideSolutionNode = FALSE
	EndGlobalSection
	GlobalSection(ExtensibilityGlobals) = postSolution
		SolutionGuid = {2AC22200-E8A8-460A-A413-BC37E67DA4F4}
	EndGlobalSection
EndGlobal
